// !$*UTF8*$!
{
	archiveVersion = 1;
	classes = {
	};
	objectVersion = 46;
	objects = {

/* Begin PBXBuildFile section */
		079642B81CE28EBF00FE933B /* AppDelegate.swift in Sources */ = {isa = PBXBuildFile; fileRef = 079642B71CE28EBF00FE933B /* AppDelegate.swift */; };
		079642BA1CE28EBF00FE933B /* ViewController.swift in Sources */ = {isa = PBXBuildFile; fileRef = 079642B91CE28EBF00FE933B /* ViewController.swift */; };
		079642BD1CE28EBF00FE933B /* Main.storyboard in Resources */ = {isa = PBXBuildFile; fileRef = 079642BB1CE28EBF00FE933B /* Main.storyboard */; };
		079642BF1CE28EBF00FE933B /* Assets.xcassets in Resources */ = {isa = PBXBuildFile; fileRef = 079642BE1CE28EBF00FE933B /* Assets.xcassets */; };
		079642C21CE28EBF00FE933B /* LaunchScreen.storyboard in Resources */ = {isa = PBXBuildFile; fileRef = 079642C01CE28EBF00FE933B /* LaunchScreen.storyboard */; };
		079642CA1CE28ECD00FE933B /* WeekDaysSegmentedControl.swift in Sources */ = {isa = PBXBuildFile; fileRef = 079642C91CE28ECD00FE933B /* WeekDaysSegmentedControl.swift */; };
/* End PBXBuildFile section */

/* Begin PBXFileReference section */
		079642B41CE28EBE00FE933B /* WeekDaysSegmentedControlExample.app */ = {isa = PBXFileReference; explicitFileType = wrapper.application; includeInIndex = 0; path = WeekDaysSegmentedControlExample.app; sourceTree = BUILT_PRODUCTS_DIR; };
		079642B71CE28EBF00FE933B /* AppDelegate.swift */ = {isa = PBXFileReference; lastKnownFileType = sourcecode.swift; path = AppDelegate.swift; sourceTree = "<group>"; };
		079642B91CE28EBF00FE933B /* ViewController.swift */ = {isa = PBXFileReference; lastKnownFileType = sourcecode.swift; path = ViewController.swift; sourceTree = "<group>"; };
		079642BC1CE28EBF00FE933B /* Base */ = {isa = PBXFileReference; lastKnownFileType = file.storyboard; name = Base; path = Base.lproj/Main.storyboard; sourceTree = "<group>"; };
		079642BE1CE28EBF00FE933B /* Assets.xcassets */ = {isa = PBXFileReference; lastKnownFileType = folder.assetcatalog; path = Assets.xcassets; sourceTree = "<group>"; };
		079642C11CE28EBF00FE933B /* Base */ = {isa = PBXFileReference; lastKnownFileType = file.storyboard; name = Base; path = Base.lproj/LaunchScreen.storyboard; sourceTree = "<group>"; };
		079642C31CE28EBF00FE933B /* Info.plist */ = {isa = PBXFileReference; lastKnownFileType = text.plist.xml; path = Info.plist; sourceTree = "<group>"; };
		079642C91CE28ECD00FE933B /* WeekDaysSegmentedControl.swift */ = {isa = PBXFileReference; fileEncoding = 4; lastKnownFileType = sourcecode.swift; path = WeekDaysSegmentedControl.swift; sourceTree = "<group>"; };
/* End PBXFileReference section */

/* Begin PBXFrameworksBuildPhase section */
		079642B11CE28EBE00FE933B /* Frameworks */ = {
			isa = PBXFrameworksBuildPhase;
			buildActionMask = 2147483647;
			files = (
			);
			runOnlyForDeploymentPostprocessing = 0;
		};
/* End PBXFrameworksBuildPhase section */

/* Begin PBXGroup section */
		079642AB1CE28EBE00FE933B = {
			isa = PBXGroup;
			children = (
				079642B61CE28EBF00FE933B /* WeekDaysSegmentedControlExample */,
				079642B51CE28EBE00FE933B /* Products */,
			);
			sourceTree = "<group>";
		};
		079642B51CE28EBE00FE933B /* Products */ = {
			isa = PBXGroup;
			children = (
				079642B41CE28EBE00FE933B /* WeekDaysSegmentedControlExample.app */,
			);
			name = Products;
			sourceTree = "<group>";
		};
		079642B61CE28EBF00FE933B /* WeekDaysSegmentedControlExample */ = {
			isa = PBXGroup;
			children = (
				079642B71CE28EBF00FE933B /* AppDelegate.swift */,
				079642B91CE28EBF00FE933B /* ViewController.swift */,
				079642C91CE28ECD00FE933B /* WeekDaysSegmentedControl.swift */,
				079642BB1CE28EBF00FE933B /* Main.storyboard */,
				079642BE1CE28EBF00FE933B /* Assets.xcassets */,
				079642C01CE28EBF00FE933B /* LaunchScreen.storyboard */,
				079642C31CE28EBF00FE933B /* Info.plist */,
			);
			path = WeekDaysSegmentedControlExample;
			sourceTree = "<group>";
		};
/* End PBXGroup section */

/* Begin PBXNativeTarget section */
		079642B31CE28EBE00FE933B /* WeekDaysSegmentedControlExample */ = {
			isa = PBXNativeTarget;
			buildConfigurationList = 079642C61CE28EBF00FE933B /* Build configuration list for PBXNativeTarget "WeekDaysSegmentedControlExample" */;
			buildPhases = (
				079642B01CE28EBE00FE933B /* Sources */,
				079642B11CE28EBE00FE933B /* Frameworks */,
				079642B21CE28EBE00FE933B /* Resources */,
			);
			buildRules = (
			);
			dependencies = (
			);
			name = WeekDaysSegmentedControlExample;
			productName = WeekDaysSegmentedControlExample;
			productReference = 079642B41CE28EBE00FE933B /* WeekDaysSegmentedControlExample.app */;
			productType = "com.apple.product-type.application";
		};
/* End PBXNativeTarget section */

/* Begin PBXProject section */
		079642AC1CE28EBE00FE933B /* Project object */ = {
			isa = PBXProject;
			attributes = {
				LastSwiftUpdateCheck = 0730;
				LastUpgradeCheck = 0730;
				ORGANIZATIONNAME = "Omar Albeik";
				TargetAttributes = {
					079642B31CE28EBE00FE933B = {
						CreatedOnToolsVersion = 7.3;
					};
				};
			};
			buildConfigurationList = 079642AF1CE28EBE00FE933B /* Build configuration list for PBXProject "WeekDaysSegmentedControlExample" */;
			compatibilityVersion = "Xcode 3.2";
			developmentRegion = English;
			hasScannedForEncodings = 0;
			knownRegions = (
				en,
				Base,
			);
			mainGroup = 079642AB1CE28EBE00FE933B;
			productRefGroup = 079642B51CE28EBE00FE933B /* Products */;
			projectDirPath = "";
			projectRoot = "";
			targets = (
				079642B31CE28EBE00FE933B /* WeekDaysSegmentedControlExample */,
			);
		};
/* End PBXProject section */

/* Begin PBXResourcesBuildPhase section */
		079642B21CE28EBE00FE933B /* Resources */ = {
			isa = PBXResourcesBuildPhase;
			buildActionMask = 2147483647;
			files = (
				079642C21CE28EBF00FE933B /* LaunchScreen.storyboard in Resources */,
				079642BF1CE28EBF00FE933B /* Assets.xcassets in Resources */,
				079642BD1CE28EBF00FE933B /* Main.storyboard in Resources */,
			);
			runOnlyForDeploymentPostprocessing = 0;
		};
/* End PBXResourcesBuildPhase section */

/* Begin PBXSourcesBuildPhase section */
		079642B01CE28EBE00FE933B /* Sources */ = {
			isa = PBXSourcesBuildPhase;
			buildActionMask = 2147483647;
			files = (
				079642BA1CE28EBF00FE933B /* ViewController.swift in Sources */,
				079642CA1CE28ECD00FE933B /* WeekDaysSegmentedControl.swift in Sources */,
				079642B81CE28EBF00FE933B /* AppDelegate.swift in Sources */,
			);
			runOnlyForDeploymentPostprocessing = 0;
		};
/* End PBXSourcesBuildPhase section */

/* Begin PBXVariantGroup section */
		079642BB1CE28EBF00FE933B /* Main.storyboard */ = {
			isa = PBXVariantGroup;
			children = (
				079642BC1CE28EBF00FE933B /* Base */,
			);
			name = Main.storyboard;
			sourceTree = "<group>";
		};
		079642C01CE28EBF00FE933B /* LaunchScreen.storyboard */ = {
			isa = PBXVariantGroup;
			children = (
				079642C11CE28EBF00FE933B /* Base */,
			);
			name = LaunchScreen.storyboard;
			sourceTree = "<group>";
		};
/* End PBXVariantGroup section */

/* Begin XCBuildConfiguration section */
		079642C41CE28EBF00FE933B /* Debug */ = {
			isa = XCBuildConfiguration;
			buildSettings = {
				ALWAYS_SEARCH_USER_PATHS = NO;
				CLANG_ANALYZER_NONNULL = YES;
				CLANG_CXX_LANGUAGE_STANDARD = "gnu++0x";
				CLANG_CXX_LIBRARY = "libc++";
				CLANG_ENABLE_MODULES = YES;
				CLANG_ENABLE_OBJC_ARC = YES;
				CLANG_WARN_BOOL_CONVERSION = YES;
				CLANG_WARN_CONSTANT_CONVERSION = YES;
				CLANG_WARN_DIRECT_OBJC_ISA_USAGE = YES_ERROR;
				CLANG_WARN_EMPTY_BODY = YES;
				CLANG_WARN_ENUM_CONVERSION = YES;
				CLANG_WARN_INT_CONVERSION = YES;
				CLANG_WARN_OBJC_ROOT_CLASS = YES_ERROR;
				CLANG_WARN_UNREACHABLE_CODE = YES;
				CLANG_WARN__DUPLICATE_METHOD_MATCH = YES;
				"CODE_SIGN_IDENTITY[sdk=iphoneos*]" = "iPhone Developer";
				COPY_PHASE_STRIP = NO;
				DEBUG_INFORMATION_FORMAT = dwarf;
				ENABLE_STRICT_OBJC_MSGSEND = YES;
				ENABLE_TESTABILITY = YES;
				GCC_C_LANGUAGE_STANDARD = gnu99;
				GCC_DYNAMIC_NO_PIC = NO;
				GCC_NO_COMMON_BLOCKS = YES;
				GCC_OPTIMIZATION_LEVEL = 0;
				GCC_PREPROCESSOR_DEFINITIONS = (
					"DEBUG=1",
					"$(inherited)",
				);
				GCC_WARN_64_TO_32_BIT_CONVERSION = YES;
				GCC_WARN_ABOUT_RETURN_TYPE = YES_ERROR;
				GCC_WARN_UNDECLARED_SELECTOR = YES;
				GCC_WARN_UNINITIALIZED_AUTOS = YES_AGGRESSIVE;
				GCC_WARN_UNUSED_FUNCTION = YES;
				GCC_WARN_UNUSED_VARIABLE = YES;
				IPHONEOS_DEPLOYMENT_TARGET = 9.3;
				MTL_ENABLE_DEBUG_INFO = YES;
				ONLY_ACTIVE_ARCH = YES;
				SDKROOT = iphoneos;
				SWIFT_OPTIMIZATION_LEVEL = "-Onone";
				TARGETED_DEVICE_FAMILY = "1,2";
			};
			name = Debug;
		};
		079642C51CE28EBF00FE933B /* Release */ = {
			isa = XCBuildConfiguration;
			buildSettings = {
				ALWAYS_SEARCH_USER_PATHS = NO;
				CLANG_ANALYZER_NONNULL = YES;
				CLANG_CXX_LANGUAGE_STANDARD = "gnu++0x";
				CLANG_CXX_LIBRARY = "libc++";
				CLANG_ENABLE_MODULES = YES;
				CLANG_ENABLE_OBJC_ARC = YES;
				CLANG_WARN_BOOL_CONVERSION = YES;
				CLANG_WARN_CONSTANT_CONVERSION = YES;
				CLANG_WARN_DIRECT_OBJC_ISA_USAGE = YES_ERROR;
				CLANG_WARN_EMPTY_BODY = YES;
				CLANG_WARN_ENUM_CONVERSION = YES;
				CLANG_WARN_INT_CONVERSION = YES;
				CLANG_WARN_OBJC_ROOT_CLASS = YES_ERROR;
				CLANG_WARN_UNREACHABLE_CODE = YES;
				CLANG_WARN__DUPLICATE_METHOD_MATCH = YES;
				"CODE_SIGN_IDENTITY[sdk=iphoneos*]" = "iPhone Developer";
				COPY_PHASE_STRIP = NO;
				DEBUG_INFORMATION_FORMAT = "dwarf-with-dsym";
				ENABLE_NS_ASSERTIONS = NO;
				ENABLE_STRICT_OBJC_MSGSEND = YES;
				GCC_C_LANGUAGE_STANDARD = gnu99;
				GCC_NO_COMMON_BLOCKS = YES;
				GCC_WARN_64_TO_32_BIT_CONVERSION = YES;
				GCC_WARN_ABOUT_RETURN_TYPE = YES_ERROR;
				GCC_WARN_UNDECLARED_SELECTOR = YES;
				GCC_WARN_UNINITIALIZED_AUTOS = YES_AGGRESSIVE;
				GCC_WARN_UNUSED_FUNCTION = YES;
				GCC_WARN_UNUSED_VARIABLE = YES;
				IPHONEOS_DEPLOYMENT_TARGET = 9.3;
				MTL_ENABLE_DEBUG_INFO = NO;
				SDKROOT = iphoneos;
				TARGETED_DEVICE_FAMILY = "1,2";
				VALIDATE_PRODUCT = YES;
			};
			name = Release;
		};
		079642C71CE28EBF00FE933B /* Debug */ = {
			isa = XCBuildConfiguration;
			buildSettings = {
				ASSETCATALOG_COMPILER_APPICON_NAME = AppIcon;
				INFOPLIST_FILE = WeekDaysSegmentedControlExample/Info.plist;
				LD_RUNPATH_SEARCH_PATHS = "$(inherited) @executable_path/Frameworks";
				PRODUCT_BUNDLE_IDENTIFIER = com.omaralbeik.WeekDaysSegmentedControlExample;
				PRODUCT_NAME = "$(TARGET_NAME)";
			};
			name = Debug;
		};
		079642C81CE28EBF00FE933B /* Release */ = {
			isa = XCBuildConfiguration;
			buildSettings = {
				ASSETCATALOG_COMPILER_APPICON_NAME = AppIcon;
				INFOPLIST_FILE = WeekDaysSegmentedControlExample/Info.plist;
				LD_RUNPATH_SEARCH_PATHS = "$(inherited) @executable_path/Frameworks";
				PRODUCT_BUNDLE_IDENTIFIER = com.omaralbeik.WeekDaysSegmentedControlExample;
				PRODUCT_NAME = "$(TARGET_NAME)";
			};
			name = Release;
		};
/* End XCBuildConfiguration section */

/* Begin XCConfigurationList section */
		079642AF1CE28EBE00FE933B /* Build configuration list for PBXProject "WeekDaysSegmentedControlExample" */ = {
			isa = XCConfigurationList;
			buildConfigurations = (
				079642C41CE28EBF00FE933B /* Debug */,
				079642C51CE28EBF00FE933B /* Release */,
			);
			defaultConfigurationIsVisible = 0;
			defaultConfigurationName = Release;
		};
		079642C61CE28EBF00FE933B /* Build configuration list for PBXNativeTarget "WeekDaysSegmentedControlExample" */ = {
			isa = XCConfigurationList;
			buildConfigurations = (
				079642C71CE28EBF00FE933B /* Debug */,
				079642C81CE28EBF00FE933B /* Release */,
			);
			defaultConfigurationIsVisible = 0;
		};
/* End XCConfigurationList section */
	};
	rootObject = 079642AC1CE28EBE00FE933B /* Project object */;
}
